
Microsoft Visual Studio Solution File, Format Version 12.00
# Visual Studio Version 16
VisualStudioVersion = 16.0.31321.278
MinimumVisualStudioVersion = 10.0.40219.1
Project("{FAE04EC0-301F-11D3-BF4B-00C04F79EFBC}") = "Image Gallery Demo", "Image Gallery Demo\Image Gallery Demo.csproj", "{AFEEA897-7033-4547-9741-246F203034C8}"
EndProject
Global
	GlobalSection(SolutionConfigurationPlatforms) = preSolution
		Debug|Any CPU = Debug|Any CPU
		Release|Any CPU = Release|Any CPU
	EndGlobalSection
	GlobalSection(ProjectConfigurationPlatforms) = postSolution
		{AFEEA897-7033-4547-9741-246F203034C8}.Debug|Any CPU.ActiveCfg = Debug|Any CPU
		{AFEEA897-7033-4547-9741-246F203034C8}.Debug|Any CPU.Build.0 = Debug|Any CPU
		{AFEEA897-7033-4547-9741-246F203034C8}.Release|Any CPU.ActiveCfg = Release|Any CPU
		{AFEEA897-7033-4547-9741-246F203034C8}.Release|Any CPU.Build.0 = Release|Any CPU
	EndGlobalSection
	GlobalSection(SolutionProperties) = preSolution
		HideSolutionNode = FALSE
	EndGlobalSection
	GlobalSection(ExtensibilityGlobals) = postSolution
		SolutionGuid = {3D928AA1-67E0-4A75-8D67-E84064677AEE}
	EndGlobalSection
EndGlobal
